
Microsoft Visual Studio Solution File, Format Version 12.00
# Visual Studio Version 17
VisualStudioVersion = 17.4.33110.190
MinimumVisualStudioVersion = 10.0.40219.1
Project("{FAE04EC0-301F-11D3-BF4B-00C04F79EFBC}") = "SecondHand", "SecondHand\SecondHand.csproj", "{B466B925-DDD4-4B97-9733-35E32D9BD820}"
EndProject
Global
	GlobalSection(SolutionConfigurationPlatforms) = preSolution
		Debug|Any CPU = Debug|Any CPU
		Release|Any CPU = Release|Any CPU
	EndGlobalSection
	GlobalSection(ProjectConfigurationPlatforms) = postSolution
		{B466B925-DDD4-4B97-9733-35E32D9BD820}.Debug|Any CPU.ActiveCfg = Debug|Any CPU
		{B466B925-DDD4-4B97-9733-35E32D9BD820}.Debug|Any CPU.Build.0 = Debug|Any CPU
		{B466B925-DDD4-4B97-9733-35E32D9BD820}.Release|Any CPU.ActiveCfg = Release|Any CPU
		{B466B925-DDD4-4B97-9733-35E32D9BD820}.Release|Any CPU.Build.0 = Release|Any CPU
	EndGlobalSection
	GlobalSection(SolutionProperties) = preSolution
		HideSolutionNode = FALSE
	EndGlobalSection
	GlobalSection(ExtensibilityGlobals) = postSolution
		SolutionGuid = {D6D3A73E-B66A-4EE7-84D6-427924B63060}
	EndGlobalSection
EndGlobal
